
Microsoft Visual Studio Solution File, Format Version 12.00
# Visual Studio Version 16
VisualStudioVersion = 16.0.29509.3
MinimumVisualStudioVersion = 10.0.40219.1
Project("{9A19103F-16F7-4668-BE54-9A1E7A4F7556}") = "CLI", "src\CLI\CLI.csproj", "{83D854D7-0BCA-4C71-B024-8AAB2FEEA915}"
	ProjectSection(ProjectDependencies) = postProject
		{50C8811C-2D78-4AC3-A977-6BF69DA51234} = {50C8811C-2D78-4AC3-A977-6BF69DA51234}
		{88E98B2D-ED15-4C82-91BC-31835F6248AA} = {88E98B2D-ED15-4C82-91BC-31835F6248AA}
		{75206C3B-57C4-4C7F-B202-025EED4A2478} = {75206C3B-57C4-4C7F-B202-025EED4A2478}
		{23EA4641-E86B-4870-9FE8-8E02D5EA1FB6} = {23EA4641-E86B-4870-9FE8-8E02D5EA1FB6}
		{21F92DA2-6ECB-408B-91DA-984834827B21} = {21F92DA2-6ECB-408B-91DA-984834827B21}
		{F04862A7-6361-442A-9255-707BDD306C0C} = {F04862A7-6361-442A-9255-707BDD306C0C}
		{1A78EEA8-38A0-4EA2-AE61-04CD610C0A88} = {1A78EEA8-38A0-4EA2-AE61-04CD610C0A88}
		{ECA521A9-94CA-4476-8EFB-A4FF09644AA7} = {ECA521A9-94CA-4476-8EFB-A4FF09644AA7}
		{9DE1A6AD-AE27-4C90-AF3B-3704D452D5DE} = {9DE1A6AD-AE27-4C90-AF3B-3704D452D5DE}
		{545F0EB5-9058-4F0A-B0B6-9902C4BA6C26} = {545F0EB5-9058-4F0A-B0B6-9902C4BA6C26}
		{A72E7FCB-6F8D-4D7E-9513-9671D1A1502A} = {A72E7FCB-6F8D-4D7E-9513-9671D1A1502A}
		{6ADF6FD6-6169-4A0C-A5F2-00DCE6559CF2} = {6ADF6FD6-6169-4A0C-A5F2-00DCE6559CF2}
		{D6D527E0-DF2D-4A75-BA27-EFCB7E326F42} = {D6D527E0-DF2D-4A75-BA27-EFCB7E326F42}
	EndProjectSection
EndProject
Project("{9A19103F-16F7-4668-BE54-9A1E7A4F7556}") = "Core", "src\Core\Core.csproj", "{48B21798-27A0-488B-B9DC-4DAD7EE24B17}"
EndProject
Project("{9A19103F-16F7-4668-BE54-9A1E7A4F7556}") = "Core.Tests", "tests\Core.Tests\Core.Tests.csproj", "{18256E67-6849-4A8D-AC82-3B59B4CC4532}"
EndProject
Project("{9A19103F-16F7-4668-BE54-9A1E7A4F7556}") = "CLI.Tests", "tests\CLI.Tests\CLI.Tests.csproj", "{75675642-CE95-4CC9-B88A-BE8E977C5137}"
EndProject
Project("{2150E333-8FDC-42A3-9474-1A3956D46DE8}") = "Tests", "Tests", "{8FBE598C-2AA2-456A-ADDA-DFC71BECF0C8}"
EndProject
Project("{9A19103F-16F7-4668-BE54-9A1E7A4F7556}") = "Base", "src\Base\Base.csproj", "{21F92DA2-6ECB-408B-91DA-984834827B21}"
EndProject
Project("{9A19103F-16F7-4668-BE54-9A1E7A4F7556}") = "Components", "lib\Components\Components.csproj", "{545F0EB5-9058-4F0A-B0B6-9902C4BA6C26}"
EndProject
Project("{9A19103F-16F7-4668-BE54-9A1E7A4F7556}") = "Components.Tests", "tests\lib\Components.Tests\Components.Tests.csproj", "{ABD8EB0B-3803-4A26-83FD-DC9E45FBF2F7}"
EndProject
Project("{9A19103F-16F7-4668-BE54-9A1E7A4F7556}") = "Themes", "lib\Themes\Themes.csproj", "{1A78EEA8-38A0-4EA2-AE61-04CD610C0A88}"
EndProject
Project("{2150E333-8FDC-42A3-9474-1A3956D46DE8}") = "Lib", "Lib", "{672CBA85-8BB8-47C8-B2CB-B42633C7BCB0}"
EndProject
Project("{9A19103F-16F7-4668-BE54-9A1E7A4F7556}") = "Tools", "lib\Tools\Tools.csproj", "{DFBB23AF-147C-4909-ACBD-D04E57E2EFEA}"
EndProject
Project("{9A19103F-16F7-4668-BE54-9A1E7A4F7556}") = "Tools.Tests", "tests\lib\Tools.Tests\Tools.Tests.csproj", "{BF95A996-98C7-4C4D-9011-B26BFFC01AAE}"
EndProject
Project("{9A19103F-16F7-4668-BE54-9A1E7A4F7556}") = "Base.Extensions", "src\Base.Extensions\Base.Extensions.csproj", "{BA45D95A-530D-44F9-B6C8-95ADC0FBB6B5}"
EndProject
Project("{9A19103F-16F7-4668-BE54-9A1E7A4F7556}") = "Plugins.Tests", "tests\lib\Plugins.Tests\Plugins.Tests.csproj", "{4C5B93BE-4CD9-47AB-8F45-FDA3973B679C}"
EndProject
Project("{9A19103F-16F7-4668-BE54-9A1E7A4F7556}") = "Themes.Tests", "tests\lib\Themes.Tests\Themes.Tests.csproj", "{B3FC3FBD-3C19-42D4-B93E-CCEAEF6F4811}"
EndProject
Project("{9A19103F-16F7-4668-BE54-9A1E7A4F7556}") = "Tests.Common", "tests\Tests.Common\Tests.Common.csproj", "{E24618B1-3279-45FE-B04E-A8B7F21734F6}"
EndProject
Project("{9A19103F-16F7-4668-BE54-9A1E7A4F7556}") = "Base.Context", "src\Base.Context\Base.Context.csproj", "{7A866678-41A0-4254-9019-ECFB0E7770F6}"
EndProject
Project("{2150E333-8FDC-42A3-9474-1A3956D46DE8}") = "Plugins", "Plugins", "{9656C9D9-2CFD-4EF8-A176-59F4DD028C66}"
EndProject
Project("{9A19103F-16F7-4668-BE54-9A1E7A4F7556}") = "Plugins.Common", "lib\Plugins\Plugins.Common\Plugins.Common.csproj", "{75206C3B-57C4-4C7F-B202-025EED4A2478}"
EndProject
Project("{9A19103F-16F7-4668-BE54-9A1E7A4F7556}") = "Plugins.CodeSnippet", "lib\Plugins\Plugins.CodeSnippet\Plugins.CodeSnippet.csproj", "{88E98B2D-ED15-4C82-91BC-31835F6248AA}"
EndProject
Project("{9A19103F-16F7-4668-BE54-9A1E7A4F7556}") = "Plugins.CodeSyntaxHighlighter", "lib\Plugins\Plugins.CodeSyntaxHighlighter\Plugins.CodeSyntaxHighlighter.csproj", "{9DE1A6AD-AE27-4C90-AF3B-3704D452D5DE}"
EndProject
Project("{9A19103F-16F7-4668-BE54-9A1E7A4F7556}") = "Plugins.Embed", "lib\Plugins\Plugins.Embed\Plugins.Embed.csproj", "{F04862A7-6361-442A-9255-707BDD306C0C}"
EndProject
Project("{9A19103F-16F7-4668-BE54-9A1E7A4F7556}") = "Plugins.ImageOptimizer", "lib\Plugins\Plugins.ImageOptimizer\Plugins.ImageOptimizer.csproj", "{6ADF6FD6-6169-4A0C-A5F2-00DCE6559CF2}"
EndProject
Project("{9A19103F-16F7-4668-BE54-9A1E7A4F7556}") = "Plugins.Redirect", "lib\Plugins\Plugins.Redirect\Plugins.Redirect.csproj", "{ECA521A9-94CA-4476-8EFB-A4FF09644AA7}"
EndProject
Project("{9A19103F-16F7-4668-BE54-9A1E7A4F7556}") = "Plugins.ResponsiveImage", "lib\Plugins\Plugins.ResponsiveImage\Plugins.ResponsiveImage.csproj", "{A72E7FCB-6F8D-4D7E-9513-9671D1A1502A}"
EndProject
Project("{9A19103F-16F7-4668-BE54-9A1E7A4F7556}") = "Plugins.ScriptStyleOptimizer", "lib\Plugins\Plugins.ScriptStyleOptimizer\Plugins.ScriptStyleOptimizer.csproj", "{23EA4641-E86B-4870-9FE8-8E02D5EA1FB6}"
EndProject
Project("{9A19103F-16F7-4668-BE54-9A1E7A4F7556}") = "Plugins.SeoValidator", "lib\Plugins\Plugins.SeoValidator\Plugins.SeoValidator.csproj", "{D6D527E0-DF2D-4A75-BA27-EFCB7E326F42}"
EndProject
Project("{9A19103F-16F7-4668-BE54-9A1E7A4F7556}") = "Plugins.TipueSearch", "lib\Plugins\Plugins.TipueSearch\Plugins.TipueSearch.csproj", "{50C8811C-2D78-4AC3-A977-6BF69DA51234}"
EndProject
Project("{2150E333-8FDC-42A3-9474-1A3956D46DE8}") = "Lib", "Lib", "{0EA4474E-2478-48E1-9E91-B72BD7A2DB1E}"
EndProject
Project("{FAE04EC0-301F-11D3-BF4B-00C04F79EFBC}") = "Plugins.FilesPromoter", "lib\Plugins\Plugins.FilesPromoter\Plugins.FilesPromoter.csproj", "{8B42274B-4580-4048-85BC-7527AF157B37}"
EndProject
Global
	GlobalSection(SolutionConfigurationPlatforms) = preSolution
		Debug|Any CPU = Debug|Any CPU
		Release|Any CPU = Release|Any CPU
	EndGlobalSection
	GlobalSection(ProjectConfigurationPlatforms) = postSolution
		{83D854D7-0BCA-4C71-B024-8AAB2FEEA915}.Debug|Any CPU.ActiveCfg = Debug|Any CPU
		{83D854D7-0BCA-4C71-B024-8AAB2FEEA915}.Debug|Any CPU.Build.0 = Debug|Any CPU
		{83D854D7-0BCA-4C71-B024-8AAB2FEEA915}.Release|Any CPU.ActiveCfg = Release|Any CPU
		{83D854D7-0BCA-4C71-B024-8AAB2FEEA915}.Release|Any CPU.Build.0 = Release|Any CPU
		{48B21798-27A0-488B-B9DC-4DAD7EE24B17}.Debug|Any CPU.ActiveCfg = Debug|Any CPU
		{48B21798-27A0-488B-B9DC-4DAD7EE24B17}.Debug|Any CPU.Build.0 = Debug|Any CPU
		{48B21798-27A0-488B-B9DC-4DAD7EE24B17}.Release|Any CPU.ActiveCfg = Release|Any CPU
		{48B21798-27A0-488B-B9DC-4DAD7EE24B17}.Release|Any CPU.Build.0 = Release|Any CPU
		{18256E67-6849-4A8D-AC82-3B59B4CC4532}.Debug|Any CPU.ActiveCfg = Debug|Any CPU
		{18256E67-6849-4A8D-AC82-3B59B4CC4532}.Debug|Any CPU.Build.0 = Debug|Any CPU
		{18256E67-6849-4A8D-AC82-3B59B4CC4532}.Release|Any CPU.ActiveCfg = Release|Any CPU
		{18256E67-6849-4A8D-AC82-3B59B4CC4532}.Release|Any CPU.Build.0 = Release|Any CPU
		{75675642-CE95-4CC9-B88A-BE8E977C5137}.Debug|Any CPU.ActiveCfg = Debug|Any CPU
		{75675642-CE95-4CC9-B88A-BE8E977C5137}.Debug|Any CPU.Build.0 = Debug|Any CPU
		{75675642-CE95-4CC9-B88A-BE8E977C5137}.Release|Any CPU.ActiveCfg = Release|Any CPU
		{75675642-CE95-4CC9-B88A-BE8E977C5137}.Release|Any CPU.Build.0 = Release|Any CPU
		{21F92DA2-6ECB-408B-91DA-984834827B21}.Debug|Any CPU.ActiveCfg = Debug|Any CPU
		{21F92DA2-6ECB-408B-91DA-984834827B21}.Debug|Any CPU.Build.0 = Debug|Any CPU
		{21F92DA2-6ECB-408B-91DA-984834827B21}.Release|Any CPU.ActiveCfg = Release|Any CPU
		{21F92DA2-6ECB-408B-91DA-984834827B21}.Release|Any CPU.Build.0 = Release|Any CPU
		{545F0EB5-9058-4F0A-B0B6-9902C4BA6C26}.Debug|Any CPU.ActiveCfg = Debug|Any CPU
		{545F0EB5-9058-4F0A-B0B6-9902C4BA6C26}.Debug|Any CPU.Build.0 = Debug|Any CPU
		{545F0EB5-9058-4F0A-B0B6-9902C4BA6C26}.Release|Any CPU.ActiveCfg = Release|Any CPU
		{545F0EB5-9058-4F0A-B0B6-9902C4BA6C26}.Release|Any CPU.Build.0 = Release|Any CPU
		{ABD8EB0B-3803-4A26-83FD-DC9E45FBF2F7}.Debug|Any CPU.ActiveCfg = Debug|Any CPU
		{ABD8EB0B-3803-4A26-83FD-DC9E45FBF2F7}.Debug|Any CPU.Build.0 = Debug|Any CPU
		{ABD8EB0B-3803-4A26-83FD-DC9E45FBF2F7}.Release|Any CPU.ActiveCfg = Release|Any CPU
		{ABD8EB0B-3803-4A26-83FD-DC9E45FBF2F7}.Release|Any CPU.Build.0 = Release|Any CPU
		{1A78EEA8-38A0-4EA2-AE61-04CD610C0A88}.Debug|Any CPU.ActiveCfg = Debug|Any CPU
		{1A78EEA8-38A0-4EA2-AE61-04CD610C0A88}.Debug|Any CPU.Build.0 = Debug|Any CPU
		{1A78EEA8-38A0-4EA2-AE61-04CD610C0A88}.Release|Any CPU.ActiveCfg = Release|Any CPU
		{1A78EEA8-38A0-4EA2-AE61-04CD610C0A88}.Release|Any CPU.Build.0 = Release|Any CPU
		{DFBB23AF-147C-4909-ACBD-D04E57E2EFEA}.Debug|Any CPU.ActiveCfg = Debug|Any CPU
		{DFBB23AF-147C-4909-ACBD-D04E57E2EFEA}.Debug|Any CPU.Build.0 = Debug|Any CPU
		{DFBB23AF-147C-4909-ACBD-D04E57E2EFEA}.Release|Any CPU.ActiveCfg = Release|Any CPU
		{DFBB23AF-147C-4909-ACBD-D04E57E2EFEA}.Release|Any CPU.Build.0 = Release|Any CPU
		{BF95A996-98C7-4C4D-9011-B26BFFC01AAE}.Debug|Any CPU.ActiveCfg = Debug|Any CPU
		{BF95A996-98C7-4C4D-9011-B26BFFC01AAE}.Debug|Any CPU.Build.0 = Debug|Any CPU
		{BF95A996-98C7-4C4D-9011-B26BFFC01AAE}.Release|Any CPU.ActiveCfg = Release|Any CPU
		{BF95A996-98C7-4C4D-9011-B26BFFC01AAE}.Release|Any CPU.Build.0 = Release|Any CPU
		{BA45D95A-530D-44F9-B6C8-95ADC0FBB6B5}.Debug|Any CPU.ActiveCfg = Debug|Any CPU
		{BA45D95A-530D-44F9-B6C8-95ADC0FBB6B5}.Debug|Any CPU.Build.0 = Debug|Any CPU
		{BA45D95A-530D-44F9-B6C8-95ADC0FBB6B5}.Release|Any CPU.ActiveCfg = Release|Any CPU
		{BA45D95A-530D-44F9-B6C8-95ADC0FBB6B5}.Release|Any CPU.Build.0 = Release|Any CPU
		{4C5B93BE-4CD9-47AB-8F45-FDA3973B679C}.Debug|Any CPU.ActiveCfg = Debug|Any CPU
		{4C5B93BE-4CD9-47AB-8F45-FDA3973B679C}.Debug|Any CPU.Build.0 = Debug|Any CPU
		{4C5B93BE-4CD9-47AB-8F45-FDA3973B679C}.Release|Any CPU.ActiveCfg = Release|Any CPU
		{4C5B93BE-4CD9-47AB-8F45-FDA3973B679C}.Release|Any CPU.Build.0 = Release|Any CPU
		{B3FC3FBD-3C19-42D4-B93E-CCEAEF6F4811}.Debug|Any CPU.ActiveCfg = Debug|Any CPU
		{B3FC3FBD-3C19-42D4-B93E-CCEAEF6F4811}.Debug|Any CPU.Build.0 = Debug|Any CPU
		{B3FC3FBD-3C19-42D4-B93E-CCEAEF6F4811}.Release|Any CPU.ActiveCfg = Release|Any CPU
		{B3FC3FBD-3C19-42D4-B93E-CCEAEF6F4811}.Release|Any CPU.Build.0 = Release|Any CPU
		{E24618B1-3279-45FE-B04E-A8B7F21734F6}.Debug|Any CPU.ActiveCfg = Debug|Any CPU
		{E24618B1-3279-45FE-B04E-A8B7F21734F6}.Debug|Any CPU.Build.0 = Debug|Any CPU
		{E24618B1-3279-45FE-B04E-A8B7F21734F6}.Release|Any CPU.ActiveCfg = Release|Any CPU
		{E24618B1-3279-45FE-B04E-A8B7F21734F6}.Release|Any CPU.Build.0 = Release|Any CPU
		{7A866678-41A0-4254-9019-ECFB0E7770F6}.Debug|Any CPU.ActiveCfg = Debug|Any CPU
		{7A866678-41A0-4254-9019-ECFB0E7770F6}.Debug|Any CPU.Build.0 = Debug|Any CPU
		{7A866678-41A0-4254-9019-ECFB0E7770F6}.Release|Any CPU.ActiveCfg = Release|Any CPU
		{7A866678-41A0-4254-9019-ECFB0E7770F6}.Release|Any CPU.Build.0 = Release|Any CPU
		{75206C3B-57C4-4C7F-B202-025EED4A2478}.Debug|Any CPU.ActiveCfg = Debug|Any CPU
		{75206C3B-57C4-4C7F-B202-025EED4A2478}.Debug|Any CPU.Build.0 = Debug|Any CPU
		{75206C3B-57C4-4C7F-B202-025EED4A2478}.Release|Any CPU.ActiveCfg = Release|Any CPU
		{75206C3B-57C4-4C7F-B202-025EED4A2478}.Release|Any CPU.Build.0 = Release|Any CPU
		{88E98B2D-ED15-4C82-91BC-31835F6248AA}.Debug|Any CPU.ActiveCfg = Debug|Any CPU
		{88E98B2D-ED15-4C82-91BC-31835F6248AA}.Debug|Any CPU.Build.0 = Debug|Any CPU
		{88E98B2D-ED15-4C82-91BC-31835F6248AA}.Release|Any CPU.ActiveCfg = Release|Any CPU
		{88E98B2D-ED15-4C82-91BC-31835F6248AA}.Release|Any CPU.Build.0 = Release|Any CPU
		{9DE1A6AD-AE27-4C90-AF3B-3704D452D5DE}.Debug|Any CPU.ActiveCfg = Debug|Any CPU
		{9DE1A6AD-AE27-4C90-AF3B-3704D452D5DE}.Debug|Any CPU.Build.0 = Debug|Any CPU
		{9DE1A6AD-AE27-4C90-AF3B-3704D452D5DE}.Release|Any CPU.ActiveCfg = Release|Any CPU
		{9DE1A6AD-AE27-4C90-AF3B-3704D452D5DE}.Release|Any CPU.Build.0 = Release|Any CPU
		{F04862A7-6361-442A-9255-707BDD306C0C}.Debug|Any CPU.ActiveCfg = Debug|Any CPU
		{F04862A7-6361-442A-9255-707BDD306C0C}.Debug|Any CPU.Build.0 = Debug|Any CPU
		{F04862A7-6361-442A-9255-707BDD306C0C}.Release|Any CPU.ActiveCfg = Release|Any CPU
		{F04862A7-6361-442A-9255-707BDD306C0C}.Release|Any CPU.Build.0 = Release|Any CPU
		{6ADF6FD6-6169-4A0C-A5F2-00DCE6559CF2}.Debug|Any CPU.ActiveCfg = Debug|Any CPU
		{6ADF6FD6-6169-4A0C-A5F2-00DCE6559CF2}.Debug|Any CPU.Build.0 = Debug|Any CPU
		{6ADF6FD6-6169-4A0C-A5F2-00DCE6559CF2}.Release|Any CPU.ActiveCfg = Release|Any CPU
		{6ADF6FD6-6169-4A0C-A5F2-00DCE6559CF2}.Release|Any CPU.Build.0 = Release|Any CPU
		{ECA521A9-94CA-4476-8EFB-A4FF09644AA7}.Debug|Any CPU.ActiveCfg = Debug|Any CPU
		{ECA521A9-94CA-4476-8EFB-A4FF09644AA7}.Debug|Any CPU.Build.0 = Debug|Any CPU
		{ECA521A9-94CA-4476-8EFB-A4FF09644AA7}.Release|Any CPU.ActiveCfg = Release|Any CPU
		{ECA521A9-94CA-4476-8EFB-A4FF09644AA7}.Release|Any CPU.Build.0 = Release|Any CPU
		{A72E7FCB-6F8D-4D7E-9513-9671D1A1502A}.Debug|Any CPU.ActiveCfg = Debug|Any CPU
		{A72E7FCB-6F8D-4D7E-9513-9671D1A1502A}.Debug|Any CPU.Build.0 = Debug|Any CPU
		{A72E7FCB-6F8D-4D7E-9513-9671D1A1502A}.Release|Any CPU.ActiveCfg = Release|Any CPU
		{A72E7FCB-6F8D-4D7E-9513-9671D1A1502A}.Release|Any CPU.Build.0 = Release|Any CPU
		{23EA4641-E86B-4870-9FE8-8E02D5EA1FB6}.Debug|Any CPU.ActiveCfg = Debug|Any CPU
		{23EA4641-E86B-4870-9FE8-8E02D5EA1FB6}.Debug|Any CPU.Build.0 = Debug|Any CPU
		{23EA4641-E86B-4870-9FE8-8E02D5EA1FB6}.Release|Any CPU.ActiveCfg = Release|Any CPU
		{23EA4641-E86B-4870-9FE8-8E02D5EA1FB6}.Release|Any CPU.Build.0 = Release|Any CPU
		{D6D527E0-DF2D-4A75-BA27-EFCB7E326F42}.Debug|Any CPU.ActiveCfg = Debug|Any CPU
		{D6D527E0-DF2D-4A75-BA27-EFCB7E326F42}.Debug|Any CPU.Build.0 = Debug|Any CPU
		{D6D527E0-DF2D-4A75-BA27-EFCB7E326F42}.Release|Any CPU.ActiveCfg = Release|Any CPU
		{D6D527E0-DF2D-4A75-BA27-EFCB7E326F42}.Release|Any CPU.Build.0 = Release|Any CPU
		{50C8811C-2D78-4AC3-A977-6BF69DA51234}.Debug|Any CPU.ActiveCfg = Debug|Any CPU
		{50C8811C-2D78-4AC3-A977-6BF69DA51234}.Debug|Any CPU.Build.0 = Debug|Any CPU
		{50C8811C-2D78-4AC3-A977-6BF69DA51234}.Release|Any CPU.ActiveCfg = Release|Any CPU
		{50C8811C-2D78-4AC3-A977-6BF69DA51234}.Release|Any CPU.Build.0 = Release|Any CPU
		{8B42274B-4580-4048-85BC-7527AF157B37}.Debug|Any CPU.ActiveCfg = Debug|Any CPU
		{8B42274B-4580-4048-85BC-7527AF157B37}.Debug|Any CPU.Build.0 = Debug|Any CPU
		{8B42274B-4580-4048-85BC-7527AF157B37}.Release|Any CPU.ActiveCfg = Release|Any CPU
		{8B42274B-4580-4048-85BC-7527AF157B37}.Release|Any CPU.Build.0 = Release|Any CPU
	EndGlobalSection
	GlobalSection(SolutionProperties) = preSolution
		HideSolutionNode = FALSE
	EndGlobalSection
	GlobalSection(NestedProjects) = preSolution
		{18256E67-6849-4A8D-AC82-3B59B4CC4532} = {8FBE598C-2AA2-456A-ADDA-DFC71BECF0C8}
		{75675642-CE95-4CC9-B88A-BE8E977C5137} = {8FBE598C-2AA2-456A-ADDA-DFC71BECF0C8}
		{545F0EB5-9058-4F0A-B0B6-9902C4BA6C26} = {672CBA85-8BB8-47C8-B2CB-B42633C7BCB0}
		{ABD8EB0B-3803-4A26-83FD-DC9E45FBF2F7} = {0EA4474E-2478-48E1-9E91-B72BD7A2DB1E}
		{1A78EEA8-38A0-4EA2-AE61-04CD610C0A88} = {672CBA85-8BB8-47C8-B2CB-B42633C7BCB0}
		{DFBB23AF-147C-4909-ACBD-D04E57E2EFEA} = {672CBA85-8BB8-47C8-B2CB-B42633C7BCB0}
		{BF95A996-98C7-4C4D-9011-B26BFFC01AAE} = {0EA4474E-2478-48E1-9E91-B72BD7A2DB1E}
		{4C5B93BE-4CD9-47AB-8F45-FDA3973B679C} = {0EA4474E-2478-48E1-9E91-B72BD7A2DB1E}
		{B3FC3FBD-3C19-42D4-B93E-CCEAEF6F4811} = {0EA4474E-2478-48E1-9E91-B72BD7A2DB1E}
		{E24618B1-3279-45FE-B04E-A8B7F21734F6} = {8FBE598C-2AA2-456A-ADDA-DFC71BECF0C8}
		{9656C9D9-2CFD-4EF8-A176-59F4DD028C66} = {672CBA85-8BB8-47C8-B2CB-B42633C7BCB0}
		{75206C3B-57C4-4C7F-B202-025EED4A2478} = {9656C9D9-2CFD-4EF8-A176-59F4DD028C66}
		{88E98B2D-ED15-4C82-91BC-31835F6248AA} = {9656C9D9-2CFD-4EF8-A176-59F4DD028C66}
		{9DE1A6AD-AE27-4C90-AF3B-3704D452D5DE} = {9656C9D9-2CFD-4EF8-A176-59F4DD028C66}
		{F04862A7-6361-442A-9255-707BDD306C0C} = {9656C9D9-2CFD-4EF8-A176-59F4DD028C66}
		{6ADF6FD6-6169-4A0C-A5F2-00DCE6559CF2} = {9656C9D9-2CFD-4EF8-A176-59F4DD028C66}
		{ECA521A9-94CA-4476-8EFB-A4FF09644AA7} = {9656C9D9-2CFD-4EF8-A176-59F4DD028C66}
		{A72E7FCB-6F8D-4D7E-9513-9671D1A1502A} = {9656C9D9-2CFD-4EF8-A176-59F4DD028C66}
		{23EA4641-E86B-4870-9FE8-8E02D5EA1FB6} = {9656C9D9-2CFD-4EF8-A176-59F4DD028C66}
		{D6D527E0-DF2D-4A75-BA27-EFCB7E326F42} = {9656C9D9-2CFD-4EF8-A176-59F4DD028C66}
		{50C8811C-2D78-4AC3-A977-6BF69DA51234} = {9656C9D9-2CFD-4EF8-A176-59F4DD028C66}
		{0EA4474E-2478-48E1-9E91-B72BD7A2DB1E} = {8FBE598C-2AA2-456A-ADDA-DFC71BECF0C8}
		{8B42274B-4580-4048-85BC-7527AF157B37} = {9656C9D9-2CFD-4EF8-A176-59F4DD028C66}
	EndGlobalSection
	GlobalSection(ExtensibilityGlobals) = postSolution
		SolutionGuid = {680FB5AB-C7E7-4A10-9F1D-3B7D812E842C}
	EndGlobalSection
EndGlobal
